
Microsoft Visual Studio Solution File, Format Version 12.00
Project("{FAE04EC0-301F-11D3-BF4B-00C04F79EFBC}") = "COMP003A.Assignment2", "COMP003A.Assignment2\COMP003A.Assignment2.csproj", "{B6AA5998-8448-42F7-9A50-9AA5227CAA09}"
EndProject
Global
	GlobalSection(SolutionConfigurationPlatforms) = preSolution
		Debug|Any CPU = Debug|Any CPU
		Release|Any CPU = Release|Any CPU
	EndGlobalSection
	GlobalSection(ProjectConfigurationPlatforms) = postSolution
		{B6AA5998-8448-42F7-9A50-9AA5227CAA09}.Debug|Any CPU.ActiveCfg = Debug|Any CPU
		{B6AA5998-8448-42F7-9A50-9AA5227CAA09}.Debug|Any CPU.Build.0 = Debug|Any CPU
		{B6AA5998-8448-42F7-9A50-9AA5227CAA09}.Release|Any CPU.ActiveCfg = Release|Any CPU
		{B6AA5998-8448-42F7-9A50-9AA5227CAA09}.Release|Any CPU.Build.0 = Release|Any CPU
	EndGlobalSection
EndGlobal
